<?xml version="1.0" encoding="utf-8"?>
<Project ToolsVersion="4.0" xmlns="http://schemas.microsoft.com/developer/msbuild/2003">
  <ItemGroup>
    <Filter Include="源文件">
      <UniqueIdentifier>{4FC737F1-C7A5-4376-A066-2A32D752A2FF}</UniqueIdentifier>
      <Extensions>cpp;c;cc;cxx;def;odl;idl;hpj;bat;asm;asmx</Extensions>
    </Filter>
    <Filter Include="头文件">
      <UniqueIdentifier>{93995380-89BD-4b04-88EB-625FBE52EBFB}</UniqueIdentifier>
      <Extensions>h;hpp;hxx;hm;inl;inc;xsd</Extensions>
    </Filter>
    <Filter Include="资源文件">
      <UniqueIdentifier>{67DA6AB6-F800-4c08-8B7A-83BB121AAD01}</UniqueIdentifier>
      <Extensions>rc;ico;cur;bmp;dlg;rc2;rct;bin;rgs;gif;jpg;jpeg;jpe;resx;tiff;tif;png;wav;mfcribbon-ms</Extensions>
    </Filter>
  </ItemGroup>
  <ItemGroup>
    <ClCompile Include="..\..\src\cstl_alloc.c">
      <Filter>源文件</Filter>
    </ClCompile>
    <ClCompile Include="..\..\src\cstl_alloc_aux.c">
      <Filter>源文件</Filter>
    </ClCompile>
    <ClCompile Include="..\..\src\cstl_basic_string.c">
      <Filter>源文件</Filter>
    </ClCompile>
    <ClCompile Include="..\..\src\cstl_basic_string_aux.c">
      <Filter>源文件</Filter>
    </ClCompile>
    <ClCompile Include="..\..\src\cstl_basic_string_iterator.c">
      <Filter>源文件</Filter>
    </ClCompile>
    <ClCompile Include="..\..\src\cstl_basic_string_private.c">
      <Filter>源文件</Filter>
    </ClCompile>
    <ClCompile Include="..\..\src\cstl_iterator.c">
      <Filter>源文件</Filter>
    </ClCompile>
    <ClCompile Include="..\..\src\cstl_iterator_private.c">
      <Filter>源文件</Filter>
    </ClCompile>
    <ClCompile Include="..\..\src\cstl_pair.c">
      <Filter>源文件</Filter>
    </ClCompile>
    <ClCompile Include="..\..\src\cstl_pair_aux.c">
      <Filter>源文件</Filter>
    </ClCompile>
    <ClCompile Include="..\..\src\cstl_pair_private.c">
      <Filter>源文件</Filter>
    </ClCompile>
    <ClCompile Include="..\..\src\cstl_string.c">
      <Filter>源文件</Filter>
    </ClCompile>
    <ClCompile Include="..\..\src\cstl_string_private.c">
      <Filter>源文件</Filter>
    </ClCompile>
    <ClCompile Include="..\..\src\cstl_types.c">
      <Filter>源文件</Filter>
    </ClCompile>
    <ClCompile Include="..\..\src\cstl_types_aux.c">
      <Filter>源文件</Filter>
    </ClCompile>
    <ClCompile Include="..\..\src\cstl_types_builtin.c">
      <Filter>源文件</Filter>
    </ClCompile>
    <ClCompile Include="..\..\src\cstl_types_parse.c">
      <Filter>源文件</Filter>
    </ClCompile>
    <ClCompile Include="..\..\src\cstl_vector.c">
      <Filter>源文件</Filter>
    </ClCompile>
    <ClCompile Include="..\..\src\cstl_vector_aux.c">
      <Filter>源文件</Filter>
    </ClCompile>
    <ClCompile Include="..\..\src\cstl_vector_iterator.c">
      <Filter>源文件</Filter>
    </ClCompile>
    <ClCompile Include="..\..\src\cstl_vector_private.c">
      <Filter>源文件</Filter>
    </ClCompile>
  </ItemGroup>
  <ItemGroup>
    <ClInclude Include="..\..\src\cstl_alloc_aux.h">
      <Filter>头文件</Filter>
    </ClInclude>
    <ClInclude Include="..\..\src\cstl_basic_string_aux.h">
      <Filter>头文件</Filter>
    </ClInclude>
    <ClInclude Include="..\..\src\cstl_pair_aux.h">
      <Filter>头文件</Filter>
    </ClInclude>
    <ClInclude Include="..\..\src\cstl_types_aux.h">
      <Filter>头文件</Filter>
    </ClInclude>
    <ClInclude Include="..\..\src\cstl_types_builtin.h">
      <Filter>头文件</Filter>
    </ClInclude>
    <ClInclude Include="..\..\src\cstl_types_parse.h">
      <Filter>头文件</Filter>
    </ClInclude>
    <ClInclude Include="..\..\src\cstl_vector_aux.h">
      <Filter>头文件</Filter>
    </ClInclude>
  </ItemGroup>
</Project>